// !$*UTF8*$!
{
	archiveVersion = 1;
	classes = {
	};
	objectVersion = 56;
	objects = {

/* Begin PBXBuildFile section */
		AA0000000000000000002001 /* SazBunnyCountdownApp.swift in Sources */ = {isa = PBXBuildFile; fileRef = AA0000000000000000001001 /* SazBunnyCountdownApp.swift */; };
		AA0000000000000000002002 /* AppDelegate.swift in Sources */ = {isa = PBXBuildFile; fileRef = AA0000000000000000001002 /* AppDelegate.swift */; };
		AA0000000000000000002003 /* CountdownView.swift in Sources */ = {isa = PBXBuildFile; fileRef = AA0000000000000000001003 /* CountdownView.swift */; };
		AA0000000000000000002004 /* CountdownViewModel.swift in Sources */ = {isa = PBXBuildFile; fileRef = AA0000000000000000001004 /* CountdownViewModel.swift */; };
		AA0000000000000000002005 /* FloatingPanel.swift in Sources */ = {isa = PBXBuildFile; fileRef = AA0000000000000000001005 /* FloatingPanel.swift */; };
		AA0000000000000000002006 /* CountdownIntent.swift in Sources */ = {isa = PBXBuildFile; fileRef = AA0000000000000000001006 /* CountdownIntent.swift */; };
		AA0000000000000000002007 /* TimeParser.swift in Sources */ = {isa = PBXBuildFile; fileRef = AA0000000000000000001007 /* TimeParser.swift */; };
		AA0000000000000000002008 /* Assets.xcassets in Resources */ = {isa = PBXBuildFile; fileRef = AA0000000000000000001008 /* Assets.xcassets */; };
		AA0000000000000000002009 /* SpeechRecognizer.swift in Sources */ = {isa = PBXBuildFile; fileRef = AA000000000000000000100B /* SpeechRecognizer.swift */; };
		AA000000000000000000200A /* ListeningView.swift in Sources */ = {isa = PBXBuildFile; fileRef = AA000000000000000000100C /* ListeningView.swift */; };
		AA000000000000000000200B /* SpeechTimeExtractor.swift in Sources */ = {isa = PBXBuildFile; fileRef = AA000000000000000000100D /* SpeechTimeExtractor.swift */; };
		AA000000000000000000200C /* URLTimeParser.swift in Sources */ = {isa = PBXBuildFile; fileRef = AA000000000000000000100E /* URLTimeParser.swift */; };
		AA000000000000000000200D /* Theme.swift in Sources */ = {isa = PBXBuildFile; fileRef = AA000000000000000000100F /* Theme.swift */; };
		AA000000000000000000200E /* SazBunnyLayout.swift in Sources */ = {isa = PBXBuildFile; fileRef = AA0000000000000000001011 /* SazBunnyLayout.swift */; };
		AA000000000000000000200F /* PanelChrome.swift in Sources */ = {isa = PBXBuildFile; fileRef = AA0000000000000000001012 /* PanelChrome.swift */; };
		AA0000000000000000002010 /* SizePreset.swift in Sources */ = {isa = PBXBuildFile; fileRef = AA0000000000000000001013 /* SizePreset.swift */; };
		BB0000000000000000002001 /* TimeParserTests.swift in Sources */ = {isa = PBXBuildFile; fileRef = BB0000000000000000001001 /* TimeParserTests.swift */; };
		BB0000000000000000002002 /* SpeechTimeExtractorTests.swift in Sources */ = {isa = PBXBuildFile; fileRef = BB0000000000000000001002 /* SpeechTimeExtractorTests.swift */; };
		BB0000000000000000002003 /* URLTimeParserTests.swift in Sources */ = {isa = PBXBuildFile; fileRef = BB0000000000000000001003 /* URLTimeParserTests.swift */; };
		BB0000000000000000002004 /* SnapshotTests.swift in Sources */ = {isa = PBXBuildFile; fileRef = BB0000000000000000001004 /* SnapshotTests.swift */; };
		BB0000000000000000002005 /* SnapshotTesting in Frameworks */ = {isa = PBXBuildFile; productRef = BB0000000000000000003001 /* SnapshotTesting */; };
		BB0000000000000000002006 /* FloatingPanelTests.swift in Sources */ = {isa = PBXBuildFile; fileRef = BB0000000000000000001005 /* FloatingPanelTests.swift */; };
		BB0000000000000000002007 /* CountdownViewModelTests.swift in Sources */ = {isa = PBXBuildFile; fileRef = BB0000000000000000001006 /* CountdownViewModelTests.swift */; };
/* End PBXBuildFile section */

/* Begin PBXFileReference section */
		AA0000000000000000000301 /* SazBunnyCountdown.app */ = {isa = PBXFileReference; explicitFileType = wrapper.application; includeInIndex = 0; path = SazBunnyCountdown.app; sourceTree = BUILT_PRODUCTS_DIR; };
		AA0000000000000000001001 /* SazBunnyCountdownApp.swift */ = {isa = PBXFileReference; lastKnownFileType = sourcecode.swift; path = SazBunnyCountdownApp.swift; sourceTree = "<group>"; };
		AA0000000000000000001002 /* AppDelegate.swift */ = {isa = PBXFileReference; lastKnownFileType = sourcecode.swift; path = AppDelegate.swift; sourceTree = "<group>"; };
		AA0000000000000000001003 /* CountdownView.swift */ = {isa = PBXFileReference; lastKnownFileType = sourcecode.swift; path = CountdownView.swift; sourceTree = "<group>"; };
		AA0000000000000000001004 /* CountdownViewModel.swift */ = {isa = PBXFileReference; lastKnownFileType = sourcecode.swift; path = CountdownViewModel.swift; sourceTree = "<group>"; };
		AA0000000000000000001005 /* FloatingPanel.swift */ = {isa = PBXFileReference; lastKnownFileType = sourcecode.swift; path = FloatingPanel.swift; sourceTree = "<group>"; };
		AA0000000000000000001006 /* CountdownIntent.swift */ = {isa = PBXFileReference; lastKnownFileType = sourcecode.swift; path = CountdownIntent.swift; sourceTree = "<group>"; };
		AA0000000000000000001007 /* TimeParser.swift */ = {isa = PBXFileReference; lastKnownFileType = sourcecode.swift; path = TimeParser.swift; sourceTree = "<group>"; };
		AA0000000000000000001008 /* Assets.xcassets */ = {isa = PBXFileReference; lastKnownFileType = folder.assetcatalog; path = Assets.xcassets; sourceTree = "<group>"; };
		AA0000000000000000001009 /* Info.plist */ = {isa = PBXFileReference; lastKnownFileType = text.plist.xml; path = Info.plist; sourceTree = "<group>"; };
		AA000000000000000000100A /* SazBunnyCountdown.entitlements */ = {isa = PBXFileReference; lastKnownFileType = text.plist.entitlements; path = SazBunnyCountdown.entitlements; sourceTree = "<group>"; };
		AA0000000000000000001010 /* SazBunnyCountdownDebug.entitlements */ = {isa = PBXFileReference; lastKnownFileType = text.plist.entitlements; path = SazBunnyCountdownDebug.entitlements; sourceTree = "<group>"; };
		AA000000000000000000100B /* SpeechRecognizer.swift */ = {isa = PBXFileReference; lastKnownFileType = sourcecode.swift; path = SpeechRecognizer.swift; sourceTree = "<group>"; };
		AA000000000000000000100C /* ListeningView.swift */ = {isa = PBXFileReference; lastKnownFileType = sourcecode.swift; path = ListeningView.swift; sourceTree = "<group>"; };
		AA000000000000000000100D /* SpeechTimeExtractor.swift */ = {isa = PBXFileReference; lastKnownFileType = sourcecode.swift; path = SpeechTimeExtractor.swift; sourceTree = "<group>"; };
		AA000000000000000000100E /* URLTimeParser.swift */ = {isa = PBXFileReference; lastKnownFileType = sourcecode.swift; path = URLTimeParser.swift; sourceTree = "<group>"; };
		AA000000000000000000100F /* Theme.swift */ = {isa = PBXFileReference; lastKnownFileType = sourcecode.swift; path = Theme.swift; sourceTree = "<group>"; };
		AA0000000000000000001011 /* SazBunnyLayout.swift */ = {isa = PBXFileReference; lastKnownFileType = sourcecode.swift; path = SazBunnyLayout.swift; sourceTree = "<group>"; };
		AA0000000000000000001012 /* PanelChrome.swift */ = {isa = PBXFileReference; lastKnownFileType = sourcecode.swift; path = PanelChrome.swift; sourceTree = "<group>"; };
		AA0000000000000000001013 /* SizePreset.swift */ = {isa = PBXFileReference; lastKnownFileType = sourcecode.swift; path = SizePreset.swift; sourceTree = "<group>"; };
		BB0000000000000000000301 /* SazBunnyCountdownTests.xctest */ = {isa = PBXFileReference; explicitFileType = wrapper.cfbundle; includeInIndex = 0; path = SazBunnyCountdownTests.xctest; sourceTree = BUILT_PRODUCTS_DIR; };
		BB0000000000000000001001 /* TimeParserTests.swift */ = {isa = PBXFileReference; lastKnownFileType = sourcecode.swift; path = TimeParserTests.swift; sourceTree = "<group>"; };
		BB0000000000000000001002 /* SpeechTimeExtractorTests.swift */ = {isa = PBXFileReference; lastKnownFileType = sourcecode.swift; path = SpeechTimeExtractorTests.swift; sourceTree = "<group>"; };
		BB0000000000000000001003 /* URLTimeParserTests.swift */ = {isa = PBXFileReference; lastKnownFileType = sourcecode.swift; path = URLTimeParserTests.swift; sourceTree = "<group>"; };
		BB0000000000000000001004 /* SnapshotTests.swift */ = {isa = PBXFileReference; lastKnownFileType = sourcecode.swift; path = SnapshotTests.swift; sourceTree = "<group>"; };
		BB0000000000000000001005 /* FloatingPanelTests.swift */ = {isa = PBXFileReference; lastKnownFileType = sourcecode.swift; path = FloatingPanelTests.swift; sourceTree = "<group>"; };
		BB0000000000000000001006 /* CountdownViewModelTests.swift */ = {isa = PBXFileReference; lastKnownFileType = sourcecode.swift; path = CountdownViewModelTests.swift; sourceTree = "<group>"; };
/* End PBXFileReference section */

/* Begin PBXContainerItemProxy section */
		BB0000000000000000004001 /* PBXContainerItemProxy */ = {
			isa = PBXContainerItemProxy;
			containerPortal = AA0000000000000000000100 /* Project object */;
			proxyType = 1;
			remoteGlobalIDString = AA0000000000000000000300;
			remoteInfo = SazBunnyCountdown;
		};
/* End PBXContainerItemProxy section */

/* Begin PBXFrameworksBuildPhase section */
		AA0000000000000000000401 /* Frameworks */ = {
			isa = PBXFrameworksBuildPhase;
			buildActionMask = 2147483647;
			files = (
			);
			runOnlyForDeploymentPostprocessing = 0;
		};
		BB0000000000000000000401 /* Frameworks */ = {
			isa = PBXFrameworksBuildPhase;
			buildActionMask = 2147483647;
			files = (
				BB0000000000000000002005 /* SnapshotTesting in Frameworks */,
			);
			runOnlyForDeploymentPostprocessing = 0;
		};
/* End PBXFrameworksBuildPhase section */

/* Begin PBXGroup section */
		AA0000000000000000000200 /* Root */ = {
			isa = PBXGroup;
			children = (
				AA0000000000000000000201 /* SazBunnyCountdown */,
				BB0000000000000000000201 /* SazBunnyCountdownTests */,
				AA0000000000000000000202 /* Products */,
			);
			sourceTree = "<group>";
		};
		AA0000000000000000000201 /* SazBunnyCountdown */ = {
			isa = PBXGroup;
			children = (
				AA0000000000000000001001 /* SazBunnyCountdownApp.swift */,
				AA0000000000000000001002 /* AppDelegate.swift */,
				AA0000000000000000001003 /* CountdownView.swift */,
				AA0000000000000000001004 /* CountdownViewModel.swift */,
				AA0000000000000000001005 /* FloatingPanel.swift */,
				AA0000000000000000001006 /* CountdownIntent.swift */,
				AA0000000000000000001007 /* TimeParser.swift */,
				AA000000000000000000100B /* SpeechRecognizer.swift */,
				AA000000000000000000100C /* ListeningView.swift */,
				AA000000000000000000100D /* SpeechTimeExtractor.swift */,
				AA000000000000000000100E /* URLTimeParser.swift */,
				AA000000000000000000100F /* Theme.swift */,
				AA0000000000000000001011 /* SazBunnyLayout.swift */,
				AA0000000000000000001012 /* PanelChrome.swift */,
				AA0000000000000000001013 /* SizePreset.swift */,
				AA0000000000000000001008 /* Assets.xcassets */,
				AA0000000000000000001009 /* Info.plist */,
				AA000000000000000000100A /* SazBunnyCountdown.entitlements */,
				AA0000000000000000001010 /* SazBunnyCountdownDebug.entitlements */,
			);
			path = SazBunnyCountdown;
			sourceTree = "<group>";
		};
		AA0000000000000000000202 /* Products */ = {
			isa = PBXGroup;
			children = (
				AA0000000000000000000301 /* SazBunnyCountdown.app */,
				BB0000000000000000000301 /* SazBunnyCountdownTests.xctest */,
			);
			name = Products;
			sourceTree = "<group>";
		};
		BB0000000000000000000201 /* SazBunnyCountdownTests */ = {
			isa = PBXGroup;
			children = (
				BB0000000000000000001001 /* TimeParserTests.swift */,
				BB0000000000000000001002 /* SpeechTimeExtractorTests.swift */,
				BB0000000000000000001003 /* URLTimeParserTests.swift */,
				BB0000000000000000001004 /* SnapshotTests.swift */,
				BB0000000000000000001005 /* FloatingPanelTests.swift */,
				BB0000000000000000001006 /* CountdownViewModelTests.swift */,
			);
			path = SazBunnyCountdownTests;
			sourceTree = "<group>";
		};
/* End PBXGroup section */

/* Begin PBXNativeTarget section */
		AA0000000000000000000300 /* SazBunnyCountdown */ = {
			isa = PBXNativeTarget;
			buildConfigurationList = AA0000000000000000000600 /* Build configuration list for PBXNativeTarget "SazBunnyCountdown" */;
			buildPhases = (
				AA0000000000000000000400 /* Sources */,
				AA0000000000000000000401 /* Frameworks */,
				AA0000000000000000000402 /* Resources */,
			);
			buildRules = (
			);
			dependencies = (
			);
			name = SazBunnyCountdown;
			productName = SazBunnyCountdown;
			productReference = AA0000000000000000000301 /* SazBunnyCountdown.app */;
			productType = "com.apple.product-type.application";
		};
		BB0000000000000000000300 /* SazBunnyCountdownTests */ = {
			isa = PBXNativeTarget;
			buildConfigurationList = BB0000000000000000000600 /* Build configuration list for PBXNativeTarget "SazBunnyCountdownTests" */;
			buildPhases = (
				BB0000000000000000000400 /* Sources */,
				BB0000000000000000000401 /* Frameworks */,
			);
			buildRules = (
			);
			dependencies = (
				BB0000000000000000004002 /* PBXTargetDependency */,
			);
			name = SazBunnyCountdownTests;
			packageProductDependencies = (
				BB0000000000000000003001 /* SnapshotTesting */,
			);
			productName = SazBunnyCountdownTests;
			productReference = BB0000000000000000000301 /* SazBunnyCountdownTests.xctest */;
			productType = "com.apple.product-type.bundle.unit-test";
		};
/* End PBXNativeTarget section */

/* Begin PBXProject section */
		AA0000000000000000000100 /* Project object */ = {
			isa = PBXProject;
			attributes = {
				BuildIndependentTargetsInParallel = 1;
				LastSwiftUpdateCheck = 1500;
				LastUpgradeCheck = 1500;
				TargetAttributes = {
					AA0000000000000000000300 = {
						CreatedOnToolsVersion = 15.0;
					};
					BB0000000000000000000300 = {
						CreatedOnToolsVersion = 15.0;
						TestTargetID = AA0000000000000000000300;
					};
				};
			};
			buildConfigurationList = AA0000000000000000000500 /* Build configuration list for PBXProject "SazBunnyCountdown" */;
			compatibilityVersion = "Xcode 14.0";
			developmentRegion = en;
			hasScannedForEncodings = 0;
			knownRegions = (
				en,
				Base,
			);
			mainGroup = AA0000000000000000000200 /* Root */;
			productRefGroup = AA0000000000000000000202 /* Products */;
			projectDirPath = "";
			projectRoot = "";
			packageReferences = (
				BB0000000000000000005001 /* XCRemoteSwiftPackageReference "swift-snapshot-testing" */,
			);
			targets = (
				AA0000000000000000000300 /* SazBunnyCountdown */,
				BB0000000000000000000300 /* SazBunnyCountdownTests */,
			);
		};
/* End PBXProject section */

/* Begin PBXResourcesBuildPhase section */
		AA0000000000000000000402 /* Resources */ = {
			isa = PBXResourcesBuildPhase;
			buildActionMask = 2147483647;
			files = (
				AA0000000000000000002008 /* Assets.xcassets in Resources */,
			);
			runOnlyForDeploymentPostprocessing = 0;
		};
/* End PBXResourcesBuildPhase section */

/* Begin PBXTargetDependency section */
		BB0000000000000000004002 /* PBXTargetDependency */ = {
			isa = PBXTargetDependency;
			target = AA0000000000000000000300 /* SazBunnyCountdown */;
			targetProxy = BB0000000000000000004001 /* PBXContainerItemProxy */;
		};
/* End PBXTargetDependency section */

/* Begin PBXSourcesBuildPhase section */
		AA0000000000000000000400 /* Sources */ = {
			isa = PBXSourcesBuildPhase;
			buildActionMask = 2147483647;
			files = (
				AA0000000000000000002001 /* SazBunnyCountdownApp.swift in Sources */,
				AA0000000000000000002002 /* AppDelegate.swift in Sources */,
				AA0000000000000000002003 /* CountdownView.swift in Sources */,
				AA0000000000000000002004 /* CountdownViewModel.swift in Sources */,
				AA0000000000000000002005 /* FloatingPanel.swift in Sources */,
				AA0000000000000000002006 /* CountdownIntent.swift in Sources */,
				AA0000000000000000002007 /* TimeParser.swift in Sources */,
				AA0000000000000000002009 /* SpeechRecognizer.swift in Sources */,
				AA000000000000000000200A /* ListeningView.swift in Sources */,
				AA000000000000000000200B /* SpeechTimeExtractor.swift in Sources */,
				AA000000000000000000200C /* URLTimeParser.swift in Sources */,
				AA000000000000000000200D /* Theme.swift in Sources */,
				AA000000000000000000200E /* SazBunnyLayout.swift in Sources */,
				AA000000000000000000200F /* PanelChrome.swift in Sources */,
				AA0000000000000000002010 /* SizePreset.swift in Sources */,
			);
			runOnlyForDeploymentPostprocessing = 0;
		};
		BB0000000000000000000400 /* Sources */ = {
			isa = PBXSourcesBuildPhase;
			buildActionMask = 2147483647;
			files = (
				BB0000000000000000002001 /* TimeParserTests.swift in Sources */,
				BB0000000000000000002002 /* SpeechTimeExtractorTests.swift in Sources */,
				BB0000000000000000002003 /* URLTimeParserTests.swift in Sources */,
				BB0000000000000000002004 /* SnapshotTests.swift in Sources */,
				BB0000000000000000002006 /* FloatingPanelTests.swift in Sources */,
				BB0000000000000000002007 /* CountdownViewModelTests.swift in Sources */,
			);
			runOnlyForDeploymentPostprocessing = 0;
		};
/* End PBXSourcesBuildPhase section */

/* Begin XCBuildConfiguration section */
		AA0000000000000000000501 /* Debug */ = {
			isa = XCBuildConfiguration;
			buildSettings = {
				ALWAYS_SEARCH_USER_PATHS = NO;
				CLANG_ANALYZER_NONNULL = YES;
				CLANG_ANALYZER_NUMBER_OBJECT_CONVERSION = YES_AGGRESSIVE;
				CLANG_CXX_LANGUAGE_STANDARD = "gnu++20";
				CLANG_ENABLE_MODULES = YES;
				CLANG_ENABLE_OBJC_ARC = YES;
				CLANG_ENABLE_OBJC_WEAK = YES;
				CLANG_WARN_BLOCK_CAPTURE_AUTORELEASING = YES;
				CLANG_WARN_BOOL_CONVERSION = YES;
				CLANG_WARN_COMMA = YES;
				CLANG_WARN_CONSTANT_CONVERSION = YES;
				CLANG_WARN_DEPRECATED_OBJC_IMPLEMENTATIONS = YES;
				CLANG_WARN_DIRECT_OBJC_ISA_USAGE = YES_ERROR;
				CLANG_WARN_DOCUMENTATION_COMMENTS = YES;
				CLANG_WARN_EMPTY_BODY = YES;
				CLANG_WARN_ENUM_CONVERSION = YES;
				CLANG_WARN_INFINITE_RECURSION = YES;
				CLANG_WARN_INT_CONVERSION = YES;
				CLANG_WARN_NON_LITERAL_NULL_CONVERSION = YES;
				CLANG_WARN_OBJC_IMPLICIT_RETAIN_SELF = YES;
				CLANG_WARN_OBJC_LITERAL_CONVERSION = YES;
				CLANG_WARN_OBJC_ROOT_CLASS = YES_ERROR;
				CLANG_WARN_QUOTED_INCLUDE_IN_FRAMEWORK_HEADER = YES;
				CLANG_WARN_RANGE_LOOP_ANALYSIS = YES;
				CLANG_WARN_STRICT_PROTOTYPES = YES;
				CLANG_WARN_SUSPICIOUS_MOVE = YES;
				CLANG_WARN_UNGUARDED_AVAILABILITY = YES_AGGRESSIVE;
				CLANG_WARN_UNREACHABLE_CODE = YES;
				CLANG_WARN__DUPLICATE_METHOD_MATCH = YES;
				COPY_PHASE_STRIP = NO;
				DEBUG_INFORMATION_FORMAT = dwarf;
				ENABLE_STRICT_OBJC_MSGSEND = YES;
				ENABLE_TESTABILITY = YES;
				GCC_C_LANGUAGE_STANDARD = gnu17;
				GCC_DYNAMIC_NO_PIC = NO;
				GCC_NO_COMMON_BLOCKS = YES;
				GCC_OPTIMIZATION_LEVEL = 0;
				GCC_PREPROCESSOR_DEFINITIONS = (
					"DEBUG=1",
					"$(inherited)",
				);
				GCC_WARN_64_TO_32_BIT_CONVERSION = YES;
				GCC_WARN_ABOUT_RETURN_TYPE = YES_ERROR;
				GCC_WARN_UNDECLARED_SELECTOR = YES;
				GCC_WARN_UNINITIALIZED_AUTOS = YES_AGGRESSIVE;
				GCC_WARN_UNUSED_FUNCTION = YES;
				GCC_WARN_UNUSED_VARIABLE = YES;
				MACOSX_DEPLOYMENT_TARGET = 13.0;
				MTL_ENABLE_DEBUG_INFO = INCLUDE_SOURCE;
				MTL_FAST_MATH = YES;
				ONLY_ACTIVE_ARCH = YES;
				SDKROOT = macosx;
				SWIFT_ACTIVE_COMPILATION_CONDITIONS = "DEBUG $(inherited)";
				SWIFT_OPTIMIZATION_LEVEL = "-Onone";
			};
			name = Debug;
		};
		AA0000000000000000000502 /* Release */ = {
			isa = XCBuildConfiguration;
			buildSettings = {
				ALWAYS_SEARCH_USER_PATHS = NO;
				CLANG_ANALYZER_NONNULL = YES;
				CLANG_ANALYZER_NUMBER_OBJECT_CONVERSION = YES_AGGRESSIVE;
				CLANG_CXX_LANGUAGE_STANDARD = "gnu++20";
				CLANG_ENABLE_MODULES = YES;
				CLANG_ENABLE_OBJC_ARC = YES;
				CLANG_ENABLE_OBJC_WEAK = YES;
				CLANG_WARN_BLOCK_CAPTURE_AUTORELEASING = YES;
				CLANG_WARN_BOOL_CONVERSION = YES;
				CLANG_WARN_COMMA = YES;
				CLANG_WARN_CONSTANT_CONVERSION = YES;
				CLANG_WARN_DEPRECATED_OBJC_IMPLEMENTATIONS = YES;
				CLANG_WARN_DIRECT_OBJC_ISA_USAGE = YES_ERROR;
				CLANG_WARN_DOCUMENTATION_COMMENTS = YES;
				CLANG_WARN_EMPTY_BODY = YES;
				CLANG_WARN_ENUM_CONVERSION = YES;
				CLANG_WARN_INFINITE_RECURSION = YES;
				CLANG_WARN_INT_CONVERSION = YES;
				CLANG_WARN_NON_LITERAL_NULL_CONVERSION = YES;
				CLANG_WARN_OBJC_IMPLICIT_RETAIN_SELF = YES;
				CLANG_WARN_OBJC_LITERAL_CONVERSION = YES;
				CLANG_WARN_OBJC_ROOT_CLASS = YES_ERROR;
				CLANG_WARN_QUOTED_INCLUDE_IN_FRAMEWORK_HEADER = YES;
				CLANG_WARN_RANGE_LOOP_ANALYSIS = YES;
				CLANG_WARN_STRICT_PROTOTYPES = YES;
				CLANG_WARN_SUSPICIOUS_MOVE = YES;
				CLANG_WARN_UNGUARDED_AVAILABILITY = YES_AGGRESSIVE;
				CLANG_WARN_UNREACHABLE_CODE = YES;
				CLANG_WARN__DUPLICATE_METHOD_MATCH = YES;
				COPY_PHASE_STRIP = NO;
				DEBUG_INFORMATION_FORMAT = "dwarf-with-dsym";
				ENABLE_NS_ASSERTIONS = NO;
				ENABLE_STRICT_OBJC_MSGSEND = YES;
				GCC_C_LANGUAGE_STANDARD = gnu17;
				GCC_NO_COMMON_BLOCKS = YES;
				GCC_WARN_64_TO_32_BIT_CONVERSION = YES;
				GCC_WARN_ABOUT_RETURN_TYPE = YES_ERROR;
				GCC_WARN_UNDECLARED_SELECTOR = YES;
				GCC_WARN_UNINITIALIZED_AUTOS = YES_AGGRESSIVE;
				GCC_WARN_UNUSED_FUNCTION = YES;
				GCC_WARN_UNUSED_VARIABLE = YES;
				MACOSX_DEPLOYMENT_TARGET = 13.0;
				MTL_ENABLE_DEBUG_INFO = NO;
				MTL_FAST_MATH = YES;
				SDKROOT = macosx;
				SWIFT_COMPILATION_MODE = wholemodule;
			};
			name = Release;
		};
		AA0000000000000000000601 /* Debug */ = {
			isa = XCBuildConfiguration;
			buildSettings = {
				ASSETCATALOG_COMPILER_APPICON_NAME = AppIcon;
				ASSETCATALOG_COMPILER_GLOBAL_ACCENT_COLOR_NAME = AccentColor;
				CODE_SIGN_ENTITLEMENTS = SazBunnyCountdown/SazBunnyCountdownDebug.entitlements;
				CODE_SIGN_STYLE = Automatic;
				COMBINE_HIDPI_IMAGES = YES;
				CURRENT_PROJECT_VERSION = 1;
				GENERATE_INFOPLIST_FILE = NO;
				INFOPLIST_FILE = SazBunnyCountdown/Info.plist;
				LD_RUNPATH_SEARCH_PATHS = (
					"$(inherited)",
					"@executable_path/../Frameworks",
				);
				MARKETING_VERSION = 1.0;
				PRODUCT_BUNDLE_IDENTIFIER = com.patabugen.sazbunnycountdown;
				PRODUCT_NAME = "$(TARGET_NAME)";
				SWIFT_EMIT_LOC_STRINGS = YES;
				SWIFT_VERSION = 5.0;
			};
			name = Debug;
		};
		AA0000000000000000000602 /* Release */ = {
			isa = XCBuildConfiguration;
			buildSettings = {
				ASSETCATALOG_COMPILER_APPICON_NAME = AppIcon;
				ASSETCATALOG_COMPILER_GLOBAL_ACCENT_COLOR_NAME = AccentColor;
				CODE_SIGN_ENTITLEMENTS = SazBunnyCountdown/SazBunnyCountdown.entitlements;
				CODE_SIGN_STYLE = Automatic;
				COMBINE_HIDPI_IMAGES = YES;
				CURRENT_PROJECT_VERSION = 1;
				GENERATE_INFOPLIST_FILE = NO;
				INFOPLIST_FILE = SazBunnyCountdown/Info.plist;
				LD_RUNPATH_SEARCH_PATHS = (
					"$(inherited)",
					"@executable_path/../Frameworks",
				);
				MARKETING_VERSION = 1.0;
				PRODUCT_BUNDLE_IDENTIFIER = com.patabugen.sazbunnycountdown;
				PRODUCT_NAME = "$(TARGET_NAME)";
				SWIFT_EMIT_LOC_STRINGS = YES;
				SWIFT_VERSION = 5.0;
			};
			name = Release;
		};
		BB0000000000000000000601 /* Debug */ = {
			isa = XCBuildConfiguration;
			buildSettings = {
				BUNDLE_LOADER = "$(TEST_HOST)";
				CODE_SIGN_STYLE = Automatic;
				CURRENT_PROJECT_VERSION = 1;
				GENERATE_INFOPLIST_FILE = YES;
				MARKETING_VERSION = 1.0;
				PRODUCT_BUNDLE_IDENTIFIER = com.patabugen.sazbunnycountdown.tests;
				PRODUCT_NAME = "$(TARGET_NAME)";
				SWIFT_EMIT_LOC_STRINGS = NO;
				SWIFT_VERSION = 5.0;
				TEST_HOST = "$(BUILT_PRODUCTS_DIR)/SazBunnyCountdown.app/Contents/MacOS/SazBunnyCountdown";
			};
			name = Debug;
		};
		BB0000000000000000000602 /* Release */ = {
			isa = XCBuildConfiguration;
			buildSettings = {
				BUNDLE_LOADER = "$(TEST_HOST)";
				CODE_SIGN_STYLE = Automatic;
				CURRENT_PROJECT_VERSION = 1;
				GENERATE_INFOPLIST_FILE = YES;
				MARKETING_VERSION = 1.0;
				PRODUCT_BUNDLE_IDENTIFIER = com.patabugen.sazbunnycountdown.tests;
				PRODUCT_NAME = "$(TARGET_NAME)";
				SWIFT_EMIT_LOC_STRINGS = NO;
				SWIFT_VERSION = 5.0;
				TEST_HOST = "$(BUILT_PRODUCTS_DIR)/SazBunnyCountdown.app/Contents/MacOS/SazBunnyCountdown";
			};
			name = Release;
		};
/* End XCBuildConfiguration section */

/* Begin XCConfigurationList section */
		AA0000000000000000000500 /* Build configuration list for PBXProject "SazBunnyCountdown" */ = {
			isa = XCConfigurationList;
			buildConfigurations = (
				AA0000000000000000000501 /* Debug */,
				AA0000000000000000000502 /* Release */,
			);
			defaultConfigurationIsVisible = 0;
			defaultConfigurationName = Release;
		};
		AA0000000000000000000600 /* Build configuration list for PBXNativeTarget "SazBunnyCountdown" */ = {
			isa = XCConfigurationList;
			buildConfigurations = (
				AA0000000000000000000601 /* Debug */,
				AA0000000000000000000602 /* Release */,
			);
			defaultConfigurationIsVisible = 0;
			defaultConfigurationName = Release;
		};
		BB0000000000000000000600 /* Build configuration list for PBXNativeTarget "SazBunnyCountdownTests" */ = {
			isa = XCConfigurationList;
			buildConfigurations = (
				BB0000000000000000000601 /* Debug */,
				BB0000000000000000000602 /* Release */,
			);
			defaultConfigurationIsVisible = 0;
			defaultConfigurationName = Release;
		};
/* End XCConfigurationList section */

/* Begin XCRemoteSwiftPackageReference section */
		BB0000000000000000005001 /* XCRemoteSwiftPackageReference "swift-snapshot-testing" */ = {
			isa = XCRemoteSwiftPackageReference;
			repositoryURL = "https://github.com/pointfreeco/swift-snapshot-testing";
			requirement = {
				kind = upToNextMajorVersion;
				minimumVersion = 1.17.0;
			};
		};
/* End XCRemoteSwiftPackageReference section */

/* Begin XCSwiftPackageProductDependency section */
		BB0000000000000000003001 /* SnapshotTesting */ = {
			isa = XCSwiftPackageProductDependency;
			package = BB0000000000000000005001 /* XCRemoteSwiftPackageReference "swift-snapshot-testing" */;
			productName = SnapshotTesting;
		};
/* End XCSwiftPackageProductDependency section */
	};
	rootObject = AA0000000000000000000100 /* Project object */;
}
